
Microsoft Visual Studio Solution File, Format Version 12.00
# Visual Studio Version 16
VisualStudioVersion = 16.0.32126.315
MinimumVisualStudioVersion = 10.0.40219.1
Project("{FAE04EC0-301F-11D3-BF4B-00C04F79EFBC}") = "MonitoringLib", "MonitoringLib\MonitoringLib.csproj", "{FCB01D20-00FE-41B2-BA48-3A61E4D94925}"
EndProject
Project("{FAE04EC0-301F-11D3-BF4B-00C04F79EFBC}") = "MonitoringApp", "MonitoringApp\MonitoringApp.csproj", "{6084D52C-C5F3-4B20-A6F7-911F1C968E37}"
EndProject
Global
	GlobalSection(SolutionConfigurationPlatforms) = preSolution
		Debug|Any CPU = Debug|Any CPU
		Release|Any CPU = Release|Any CPU
	EndGlobalSection
	GlobalSection(ProjectConfigurationPlatforms) = postSolution
		{FCB01D20-00FE-41B2-BA48-3A61E4D94925}.Debug|Any CPU.ActiveCfg = Debug|Any CPU
		{FCB01D20-00FE-41B2-BA48-3A61E4D94925}.Debug|Any CPU.Build.0 = Debug|Any CPU
		{FCB01D20-00FE-41B2-BA48-3A61E4D94925}.Release|Any CPU.ActiveCfg = Release|Any CPU
		{FCB01D20-00FE-41B2-BA48-3A61E4D94925}.Release|Any CPU.Build.0 = Release|Any CPU
		{6084D52C-C5F3-4B20-A6F7-911F1C968E37}.Debug|Any CPU.ActiveCfg = Debug|Any CPU
		{6084D52C-C5F3-4B20-A6F7-911F1C968E37}.Debug|Any CPU.Build.0 = Debug|Any CPU
		{6084D52C-C5F3-4B20-A6F7-911F1C968E37}.Release|Any CPU.ActiveCfg = Release|Any CPU
		{6084D52C-C5F3-4B20-A6F7-911F1C968E37}.Release|Any CPU.Build.0 = Release|Any CPU
	EndGlobalSection
	GlobalSection(SolutionProperties) = preSolution
		HideSolutionNode = FALSE
	EndGlobalSection
	GlobalSection(ExtensibilityGlobals) = postSolution
		SolutionGuid = {E0EECE63-6614-4C91-BCBC-D7253268B69C}
	EndGlobalSection
EndGlobal
